// !$*UTF8*$!
{
	archiveVersion = 1;
	classes = {
	};
	objectVersion = 46;
	objects = {

/* Begin PBXBuildFile section */
		8D26E6171EF1529E0064A7AE /* main.m in Sources */ = {isa = PBXBuildFile; fileRef = 8D26E6161EF1529E0064A7AE /* main.m */; };
		8D26E61A1EF1529E0064A7AE /* AppDelegate.m in Sources */ = {isa = PBXBuildFile; fileRef = 8D26E6191EF1529E0064A7AE /* AppDelegate.m */; };
		8D26E6201EF1529E0064A7AE /* Main.storyboard in Resources */ = {isa = PBXBuildFile; fileRef = 8D26E61E1EF1529E0064A7AE /* Main.storyboard */; };
		8D26E6221EF1529E0064A7AE /* Assets.xcassets in Resources */ = {isa = PBXBuildFile; fileRef = 8D26E6211EF1529E0064A7AE /* Assets.xcassets */; };
		8D26E6251EF1529E0064A7AE /* LaunchScreen.storyboard in Resources */ = {isa = PBXBuildFile; fileRef = 8D26E6231EF1529E0064A7AE /* LaunchScreen.storyboard */; };
		8D26E6411EF16E400064A7AE /* HomePage.m in Sources */ = {isa = PBXBuildFile; fileRef = 8D26E63F1EF16E400064A7AE /* HomePage.m */; };
/* End PBXBuildFile section */

/* Begin PBXFileReference section */
		8D26E6121EF1529E0064A7AE /* NewsReader.app */ = {isa = PBXFileReference; explicitFileType = wrapper.application; includeInIndex = 0; path = NewsReader.app; sourceTree = BUILT_PRODUCTS_DIR; };
		8D26E6161EF1529E0064A7AE /* main.m */ = {isa = PBXFileReference; lastKnownFileType = sourcecode.c.objc; path = main.m; sourceTree = "<group>"; };
		8D26E6181EF1529E0064A7AE /* AppDelegate.h */ = {isa = PBXFileReference; lastKnownFileType = sourcecode.c.h; path = AppDelegate.h; sourceTree = "<group>"; };
		8D26E6191EF1529E0064A7AE /* AppDelegate.m */ = {isa = PBXFileReference; lastKnownFileType = sourcecode.c.objc; path = AppDelegate.m; sourceTree = "<group>"; };
		8D26E61F1EF1529E0064A7AE /* Base */ = {isa = PBXFileReference; lastKnownFileType = file.storyboard; name = Base; path = Base.lproj/Main.storyboard; sourceTree = "<group>"; };
		8D26E6211EF1529E0064A7AE /* Assets.xcassets */ = {isa = PBXFileReference; lastKnownFileType = folder.assetcatalog; name = Assets.xcassets; path = ../../Assets.xcassets; sourceTree = "<group>"; };
		8D26E6241EF1529E0064A7AE /* Base */ = {isa = PBXFileReference; lastKnownFileType = file.storyboard; name = Base; path = Base.lproj/LaunchScreen.storyboard; sourceTree = "<group>"; };
		8D26E6261EF1529F0064A7AE /* Info.plist */ = {isa = PBXFileReference; lastKnownFileType = text.plist.xml; path = Info.plist; sourceTree = "<group>"; };
		8D26E62C1EF1530F0064A7AE /* ReadMe */ = {isa = PBXFileReference; lastKnownFileType = text; path = ReadMe; sourceTree = "<group>"; };
		8D26E63F1EF16E400064A7AE /* HomePage.m */ = {isa = PBXFileReference; fileEncoding = 4; lastKnownFileType = sourcecode.c.objc; path = HomePage.m; sourceTree = "<group>"; };
		8D26E6401EF16E400064A7AE /* HomePage.h */ = {isa = PBXFileReference; fileEncoding = 4; lastKnownFileType = sourcecode.c.h; path = HomePage.h; sourceTree = "<group>"; };
		8D26E6441EF173AA0064A7AE /* Defines.h */ = {isa = PBXFileReference; fileEncoding = 4; lastKnownFileType = sourcecode.c.h; path = Defines.h; sourceTree = "<group>"; };
/* End PBXFileReference section */

/* Begin PBXFrameworksBuildPhase section */
		8D26E60F1EF1529E0064A7AE /* Frameworks */ = {
			isa = PBXFrameworksBuildPhase;
			buildActionMask = 2147483647;
			files = (
			);
			runOnlyForDeploymentPostprocessing = 0;
		};
/* End PBXFrameworksBuildPhase section */

/* Begin PBXGroup section */
		8D26E6091EF1529E0064A7AE = {
			isa = PBXGroup;
			children = (
				8D26E62C1EF1530F0064A7AE /* ReadMe */,
				8D26E6141EF1529E0064A7AE /* NewsReader */,
				8D26E6131EF1529E0064A7AE /* Products */,
			);
			sourceTree = "<group>";
		};
		8D26E6131EF1529E0064A7AE /* Products */ = {
			isa = PBXGroup;
			children = (
				8D26E6121EF1529E0064A7AE /* NewsReader.app */,
			);
			name = Products;
			sourceTree = "<group>";
		};
		8D26E6141EF1529E0064A7AE /* NewsReader */ = {
			isa = PBXGroup;
			children = (
				8D26E6301EF15E300064A7AE /* Global */,
				8D26E62E1EF15E300064A7AE /* Controller */,
				8D26E6311EF15E300064A7AE /* Model */,
				8D26E6321EF15E300064A7AE /* Network */,
				8D26E62F1EF15E300064A7AE /* DB */,
				8D26E6341EF15E300064A7AE /* Utilit */,
				8D26E6331EF15E300064A7AE /* ThirdSDK */,
				8D26E63E1EF16E090064A7AE /* Define */,
				8D26E6181EF1529E0064A7AE /* AppDelegate.h */,
				8D26E6191EF1529E0064A7AE /* AppDelegate.m */,
				8D26E6361EF15FCC0064A7AE /* Resources */,
				8D26E6151EF1529E0064A7AE /* Supporting Files */,
			);
			path = NewsReader;
			sourceTree = "<group>";
		};
		8D26E6151EF1529E0064A7AE /* Supporting Files */ = {
			isa = PBXGroup;
			children = (
				8D26E6261EF1529F0064A7AE /* Info.plist */,
				8D26E6161EF1529E0064A7AE /* main.m */,
			);
			name = "Supporting Files";
			sourceTree = "<group>";
		};
		8D26E62E1EF15E300064A7AE /* Controller */ = {
			isa = PBXGroup;
			children = (
				8D26E63B1EF161390064A7AE /* Cell */,
				8D26E63D1EF161390064A7AE /* Widget */,
				8D26E63C1EF161390064A7AE /* Page */,
			);
			path = Controller;
			sourceTree = "<group>";
		};
		8D26E62F1EF15E300064A7AE /* DB */ = {
			isa = PBXGroup;
			children = (
			);
			path = DB;
			sourceTree = "<group>";
		};
		8D26E6301EF15E300064A7AE /* Global */ = {
			isa = PBXGroup;
			children = (
			);
			path = Global;
			sourceTree = "<group>";
		};
		8D26E6311EF15E300064A7AE /* Model */ = {
			isa = PBXGroup;
			children = (
			);
			path = Model;
			sourceTree = "<group>";
		};
		8D26E6321EF15E300064A7AE /* Network */ = {
			isa = PBXGroup;
			children = (
			);
			path = Network;
			sourceTree = "<group>";
		};
		8D26E6331EF15E300064A7AE /* ThirdSDK */ = {
			isa = PBXGroup;
			children = (
			);
			path = ThirdSDK;
			sourceTree = "<group>";
		};
		8D26E6341EF15E300064A7AE /* Utilit */ = {
			isa = PBXGroup;
			children = (
			);
			path = Utilit;
			sourceTree = "<group>";
		};
		8D26E6361EF15FCC0064A7AE /* Resources */ = {
			isa = PBXGroup;
			children = (
				8D26E6381EF1611C0064A7AE /* Config */,
				8D26E6391EF1611C0064A7AE /* image */,
				8D26E63A1EF1611C0064A7AE /* Xib */,
			);
			path = Resources;
			sourceTree = "<group>";
		};
		8D26E6381EF1611C0064A7AE /* Config */ = {
			isa = PBXGroup;
			children = (
			);
			path = Config;
			sourceTree = "<group>";
		};
		8D26E6391EF1611C0064A7AE /* image */ = {
			isa = PBXGroup;
			children = (
				8D26E6211EF1529E0064A7AE /* Assets.xcassets */,
			);
			path = image;
			sourceTree = "<group>";
		};
		8D26E63A1EF1611C0064A7AE /* Xib */ = {
			isa = PBXGroup;
			children = (
				8D26E61E1EF1529E0064A7AE /* Main.storyboard */,
				8D26E6231EF1529E0064A7AE /* LaunchScreen.storyboard */,
			);
			path = Xib;
			sourceTree = "<group>";
		};
		8D26E63B1EF161390064A7AE /* Cell */ = {
			isa = PBXGroup;
			children = (
			);
			path = Cell;
			sourceTree = "<group>";
		};
		8D26E63C1EF161390064A7AE /* Page */ = {
			isa = PBXGroup;
			children = (
				8D26E63F1EF16E400064A7AE /* HomePage.m */,
				8D26E6401EF16E400064A7AE /* HomePage.h */,
			);
			path = Page;
			sourceTree = "<group>";
		};
		8D26E63D1EF161390064A7AE /* Widget */ = {
			isa = PBXGroup;
			children = (
			);
			path = Widget;
			sourceTree = "<group>";
		};
		8D26E63E1EF16E090064A7AE /* Define */ = {
			isa = PBXGroup;
			children = (
				8D26E6441EF173AA0064A7AE /* Defines.h */,
			);
			path = Define;
			sourceTree = "<group>";
		};
/* End PBXGroup section */

/* Begin PBXNativeTarget section */
		8D26E6111EF1529E0064A7AE /* NewsReader */ = {
			isa = PBXNativeTarget;
			buildConfigurationList = 8D26E6291EF1529F0064A7AE /* Build configuration list for PBXNativeTarget "NewsReader" */;
			buildPhases = (
				8D26E60E1EF1529E0064A7AE /* Sources */,
				8D26E60F1EF1529E0064A7AE /* Frameworks */,
				8D26E6101EF1529E0064A7AE /* Resources */,
			);
			buildRules = (
			);
			dependencies = (
			);
			name = NewsReader;
			productName = NewsReader;
			productReference = 8D26E6121EF1529E0064A7AE /* NewsReader.app */;
			productType = "com.apple.product-type.application";
		};
/* End PBXNativeTarget section */

/* Begin PBXProject section */
		8D26E60A1EF1529E0064A7AE /* Project object */ = {
			isa = PBXProject;
			attributes = {
				LastUpgradeCheck = 0830;
				ORGANIZATIONNAME = liuyingjieyeah;
				TargetAttributes = {
					8D26E6111EF1529E0064A7AE = {
						CreatedOnToolsVersion = 8.3.3;
						DevelopmentTeam = PHUF2ASV3Q;
						ProvisioningStyle = Automatic;
					};
				};
			};
			buildConfigurationList = 8D26E60D1EF1529E0064A7AE /* Build configuration list for PBXProject "NewsReader" */;
			compatibilityVersion = "Xcode 3.2";
			developmentRegion = English;
			hasScannedForEncodings = 0;
			knownRegions = (
				en,
				Base,
			);
			mainGroup = 8D26E6091EF1529E0064A7AE;
			productRefGroup = 8D26E6131EF1529E0064A7AE /* Products */;
			projectDirPath = "";
			projectRoot = "";
			targets = (
				8D26E6111EF1529E0064A7AE /* NewsReader */,
			);
		};
/* End PBXProject section */

/* Begin PBXResourcesBuildPhase section */
		8D26E6101EF1529E0064A7AE /* Resources */ = {
			isa = PBXResourcesBuildPhase;
			buildActionMask = 2147483647;
			files = (
				8D26E6251EF1529E0064A7AE /* LaunchScreen.storyboard in Resources */,
				8D26E6221EF1529E0064A7AE /* Assets.xcassets in Resources */,
				8D26E6201EF1529E0064A7AE /* Main.storyboard in Resources */,
			);
			runOnlyForDeploymentPostprocessing = 0;
		};
/* End PBXResourcesBuildPhase section */

/* Begin PBXSourcesBuildPhase section */
		8D26E60E1EF1529E0064A7AE /* Sources */ = {
			isa = PBXSourcesBuildPhase;
			buildActionMask = 2147483647;
			files = (
				8D26E61A1EF1529E0064A7AE /* AppDelegate.m in Sources */,
				8D26E6411EF16E400064A7AE /* HomePage.m in Sources */,
				8D26E6171EF1529E0064A7AE /* main.m in Sources */,
			);
			runOnlyForDeploymentPostprocessing = 0;
		};
/* End PBXSourcesBuildPhase section */

/* Begin PBXVariantGroup section */
		8D26E61E1EF1529E0064A7AE /* Main.storyboard */ = {
			isa = PBXVariantGroup;
			children = (
				8D26E61F1EF1529E0064A7AE /* Base */,
			);
			name = Main.storyboard;
			path = ../..;
			sourceTree = "<group>";
		};
		8D26E6231EF1529E0064A7AE /* LaunchScreen.storyboard */ = {
			isa = PBXVariantGroup;
			children = (
				8D26E6241EF1529E0064A7AE /* Base */,
			);
			name = LaunchScreen.storyboard;
			path = ../..;
			sourceTree = "<group>";
		};
/* End PBXVariantGroup section */

/* Begin XCBuildConfiguration section */
		8D26E6271EF1529F0064A7AE /* Debug */ = {
			isa = XCBuildConfiguration;
			buildSettings = {
				ALWAYS_SEARCH_USER_PATHS = NO;
				CLANG_ANALYZER_NONNULL = YES;
				CLANG_ANALYZER_NUMBER_OBJECT_CONVERSION = YES_AGGRESSIVE;
				CLANG_CXX_LANGUAGE_STANDARD = "gnu++0x";
				CLANG_CXX_LIBRARY = "libc++";
				CLANG_ENABLE_MODULES = YES;
				CLANG_ENABLE_OBJC_ARC = YES;
				CLANG_WARN_BOOL_CONVERSION = YES;
				CLANG_WARN_CONSTANT_CONVERSION = YES;
				CLANG_WARN_DIRECT_OBJC_ISA_USAGE = YES_ERROR;
				CLANG_WARN_DOCUMENTATION_COMMENTS = YES;
				CLANG_WARN_EMPTY_BODY = YES;
				CLANG_WARN_ENUM_CONVERSION = YES;
				CLANG_WARN_INFINITE_RECURSION = YES;
				CLANG_WARN_INT_CONVERSION = YES;
				CLANG_WARN_OBJC_ROOT_CLASS = YES_ERROR;
				CLANG_WARN_SUSPICIOUS_MOVE = YES;
				CLANG_WARN_UNREACHABLE_CODE = YES;
				CLANG_WARN__DUPLICATE_METHOD_MATCH = YES;
				"CODE_SIGN_IDENTITY[sdk=iphoneos*]" = "iPhone Developer";
				COPY_PHASE_STRIP = NO;
				DEBUG_INFORMATION_FORMAT = dwarf;
				ENABLE_STRICT_OBJC_MSGSEND = YES;
				ENABLE_TESTABILITY = YES;
				GCC_C_LANGUAGE_STANDARD = gnu99;
				GCC_DYNAMIC_NO_PIC = NO;
				GCC_NO_COMMON_BLOCKS = YES;
				GCC_OPTIMIZATION_LEVEL = 0;
				GCC_PREPROCESSOR_DEFINITIONS = (
					"DEBUG=1",
					"$(inherited)",
				);
				GCC_WARN_64_TO_32_BIT_CONVERSION = YES;
				GCC_WARN_ABOUT_RETURN_TYPE = YES_ERROR;
				GCC_WARN_UNDECLARED_SELECTOR = YES;
				GCC_WARN_UNINITIALIZED_AUTOS = YES_AGGRESSIVE;
				GCC_WARN_UNUSED_FUNCTION = YES;
				GCC_WARN_UNUSED_VARIABLE = YES;
				IPHONEOS_DEPLOYMENT_TARGET = 10.3;
				MTL_ENABLE_DEBUG_INFO = YES;
				ONLY_ACTIVE_ARCH = YES;
				SDKROOT = iphoneos;
			};
			name = Debug;
		};
		8D26E6281EF1529F0064A7AE /* Release */ = {
			isa = XCBuildConfiguration;
			buildSettings = {
				ALWAYS_SEARCH_USER_PATHS = NO;
				CLANG_ANALYZER_NONNULL = YES;
				CLANG_ANALYZER_NUMBER_OBJECT_CONVERSION = YES_AGGRESSIVE;
				CLANG_CXX_LANGUAGE_STANDARD = "gnu++0x";
				CLANG_CXX_LIBRARY = "libc++";
				CLANG_ENABLE_MODULES = YES;
				CLANG_ENABLE_OBJC_ARC = YES;
				CLANG_WARN_BOOL_CONVERSION = YES;
				CLANG_WARN_CONSTANT_CONVERSION = YES;
				CLANG_WARN_DIRECT_OBJC_ISA_USAGE = YES_ERROR;
				CLANG_WARN_DOCUMENTATION_COMMENTS = YES;
				CLANG_WARN_EMPTY_BODY = YES;
				CLANG_WARN_ENUM_CONVERSION = YES;
				CLANG_WARN_INFINITE_RECURSION = YES;
				CLANG_WARN_INT_CONVERSION = YES;
				CLANG_WARN_OBJC_ROOT_CLASS = YES_ERROR;
				CLANG_WARN_SUSPICIOUS_MOVE = YES;
				CLANG_WARN_UNREACHABLE_CODE = YES;
				CLANG_WARN__DUPLICATE_METHOD_MATCH = YES;
				"CODE_SIGN_IDENTITY[sdk=iphoneos*]" = "iPhone Developer";
				COPY_PHASE_STRIP = NO;
				DEBUG_INFORMATION_FORMAT = "dwarf-with-dsym";
				ENABLE_NS_ASSERTIONS = NO;
				ENABLE_STRICT_OBJC_MSGSEND = YES;
				GCC_C_LANGUAGE_STANDARD = gnu99;
				GCC_NO_COMMON_BLOCKS = YES;
				GCC_WARN_64_TO_32_BIT_CONVERSION = YES;
				GCC_WARN_ABOUT_RETURN_TYPE = YES_ERROR;
				GCC_WARN_UNDECLARED_SELECTOR = YES;
				GCC_WARN_UNINITIALIZED_AUTOS = YES_AGGRESSIVE;
				GCC_WARN_UNUSED_FUNCTION = YES;
				GCC_WARN_UNUSED_VARIABLE = YES;
				IPHONEOS_DEPLOYMENT_TARGET = 10.3;
				MTL_ENABLE_DEBUG_INFO = NO;
				SDKROOT = iphoneos;
				VALIDATE_PRODUCT = YES;
			};
			name = Release;
		};
		8D26E62A1EF1529F0064A7AE /* Debug */ = {
			isa = XCBuildConfiguration;
			buildSettings = {
				ASSETCATALOG_COMPILER_APPICON_NAME = AppIcon;
				DEVELOPMENT_TEAM = PHUF2ASV3Q;
				INFOPLIST_FILE = NewsReader/Info.plist;
				LD_RUNPATH_SEARCH_PATHS = "$(inherited) @executable_path/Frameworks";
				PRODUCT_BUNDLE_IDENTIFIER = liuyingjieyeah.NewsReader;
				PRODUCT_NAME = "$(TARGET_NAME)";
			};
			name = Debug;
		};
		8D26E62B1EF1529F0064A7AE /* Release */ = {
			isa = XCBuildConfiguration;
			buildSettings = {
				ASSETCATALOG_COMPILER_APPICON_NAME = AppIcon;
				DEVELOPMENT_TEAM = PHUF2ASV3Q;
				INFOPLIST_FILE = NewsReader/Info.plist;
				LD_RUNPATH_SEARCH_PATHS = "$(inherited) @executable_path/Frameworks";
				PRODUCT_BUNDLE_IDENTIFIER = liuyingjieyeah.NewsReader;
				PRODUCT_NAME = "$(TARGET_NAME)";
			};
			name = Release;
		};
		8D26E6471EF175C40064A7AE /* AppStore */ = {
			isa = XCBuildConfiguration;
			buildSettings = {
				ALWAYS_SEARCH_USER_PATHS = NO;
				CLANG_ANALYZER_NONNULL = YES;
				CLANG_ANALYZER_NUMBER_OBJECT_CONVERSION = YES_AGGRESSIVE;
				CLANG_CXX_LANGUAGE_STANDARD = "gnu++0x";
				CLANG_CXX_LIBRARY = "libc++";
				CLANG_ENABLE_MODULES = YES;
				CLANG_ENABLE_OBJC_ARC = YES;
				CLANG_WARN_BOOL_CONVERSION = YES;
				CLANG_WARN_CONSTANT_CONVERSION = YES;
				CLANG_WARN_DIRECT_OBJC_ISA_USAGE = YES_ERROR;
				CLANG_WARN_DOCUMENTATION_COMMENTS = YES;
				CLANG_WARN_EMPTY_BODY = YES;
				CLANG_WARN_ENUM_CONVERSION = YES;
				CLANG_WARN_INFINITE_RECURSION = YES;
				CLANG_WARN_INT_CONVERSION = YES;
				CLANG_WARN_OBJC_ROOT_CLASS = YES_ERROR;
				CLANG_WARN_SUSPICIOUS_MOVE = YES;
				CLANG_WARN_UNREACHABLE_CODE = YES;
				CLANG_WARN__DUPLICATE_METHOD_MATCH = YES;
				"CODE_SIGN_IDENTITY[sdk=iphoneos*]" = "iPhone Developer";
				COPY_PHASE_STRIP = NO;
				DEBUG_INFORMATION_FORMAT = "dwarf-with-dsym";
				ENABLE_NS_ASSERTIONS = NO;
				ENABLE_STRICT_OBJC_MSGSEND = YES;
				GCC_C_LANGUAGE_STANDARD = gnu99;
				GCC_NO_COMMON_BLOCKS = YES;
				GCC_WARN_64_TO_32_BIT_CONVERSION = YES;
				GCC_WARN_ABOUT_RETURN_TYPE = YES_ERROR;
				GCC_WARN_UNDECLARED_SELECTOR = YES;
				GCC_WARN_UNINITIALIZED_AUTOS = YES_AGGRESSIVE;
				GCC_WARN_UNUSED_FUNCTION = YES;
				GCC_WARN_UNUSED_VARIABLE = YES;
				IPHONEOS_DEPLOYMENT_TARGET = 10.3;
				MTL_ENABLE_DEBUG_INFO = NO;
				SDKROOT = iphoneos;
				VALIDATE_PRODUCT = YES;
			};
			name = AppStore;
		};
		8D26E6481EF175C40064A7AE /* AppStore */ = {
			isa = XCBuildConfiguration;
			buildSettings = {
				ASSETCATALOG_COMPILER_APPICON_NAME = AppIcon;
				DEVELOPMENT_TEAM = PHUF2ASV3Q;
				INFOPLIST_FILE = NewsReader/Info.plist;
				LD_RUNPATH_SEARCH_PATHS = "$(inherited) @executable_path/Frameworks";
				PRODUCT_BUNDLE_IDENTIFIER = liuyingjieyeah.NewsReader;
				PRODUCT_NAME = "$(TARGET_NAME)";
			};
			name = AppStore;
		};
		8D26E6491EF175F40064A7AE /* Enterprise */ = {
			isa = XCBuildConfiguration;
			buildSettings = {
				ALWAYS_SEARCH_USER_PATHS = NO;
				CLANG_ANALYZER_NONNULL = YES;
				CLANG_ANALYZER_NUMBER_OBJECT_CONVERSION = YES_AGGRESSIVE;
				CLANG_CXX_LANGUAGE_STANDARD = "gnu++0x";
				CLANG_CXX_LIBRARY = "libc++";
				CLANG_ENABLE_MODULES = YES;
				CLANG_ENABLE_OBJC_ARC = YES;
				CLANG_WARN_BOOL_CONVERSION = YES;
				CLANG_WARN_CONSTANT_CONVERSION = YES;
				CLANG_WARN_DIRECT_OBJC_ISA_USAGE = YES_ERROR;
				CLANG_WARN_DOCUMENTATION_COMMENTS = YES;
				CLANG_WARN_EMPTY_BODY = YES;
				CLANG_WARN_ENUM_CONVERSION = YES;
				CLANG_WARN_INFINITE_RECURSION = YES;
				CLANG_WARN_INT_CONVERSION = YES;
				CLANG_WARN_OBJC_ROOT_CLASS = YES_ERROR;
				CLANG_WARN_SUSPICIOUS_MOVE = YES;
				CLANG_WARN_UNREACHABLE_CODE = YES;
				CLANG_WARN__DUPLICATE_METHOD_MATCH = YES;
				"CODE_SIGN_IDENTITY[sdk=iphoneos*]" = "iPhone Developer";
				COPY_PHASE_STRIP = NO;
				DEBUG_INFORMATION_FORMAT = "dwarf-with-dsym";
				ENABLE_NS_ASSERTIONS = NO;
				ENABLE_STRICT_OBJC_MSGSEND = YES;
				GCC_C_LANGUAGE_STANDARD = gnu99;
				GCC_NO_COMMON_BLOCKS = YES;
				GCC_WARN_64_TO_32_BIT_CONVERSION = YES;
				GCC_WARN_ABOUT_RETURN_TYPE = YES_ERROR;
				GCC_WARN_UNDECLARED_SELECTOR = YES;
				GCC_WARN_UNINITIALIZED_AUTOS = YES_AGGRESSIVE;
				GCC_WARN_UNUSED_FUNCTION = YES;
				GCC_WARN_UNUSED_VARIABLE = YES;
				IPHONEOS_DEPLOYMENT_TARGET = 10.3;
				MTL_ENABLE_DEBUG_INFO = NO;
				SDKROOT = iphoneos;
				VALIDATE_PRODUCT = YES;
			};
			name = Enterprise;
		};
		8D26E64A1EF175F40064A7AE /* Enterprise */ = {
			isa = XCBuildConfiguration;
			buildSettings = {
				ASSETCATALOG_COMPILER_APPICON_NAME = AppIcon;
				DEVELOPMENT_TEAM = PHUF2ASV3Q;
				INFOPLIST_FILE = NewsReader/Info.plist;
				LD_RUNPATH_SEARCH_PATHS = "$(inherited) @executable_path/Frameworks";
				PRODUCT_BUNDLE_IDENTIFIER = liuyingjieyeah.NewsReader;
				PRODUCT_NAME = "$(TARGET_NAME)";
			};
			name = Enterprise;
		};
		8D26E64B1EF1763B0064A7AE /* AdHoc */ = {
			isa = XCBuildConfiguration;
			buildSettings = {
				ALWAYS_SEARCH_USER_PATHS = NO;
				CLANG_ANALYZER_NONNULL = YES;
				CLANG_ANALYZER_NUMBER_OBJECT_CONVERSION = YES_AGGRESSIVE;
				CLANG_CXX_LANGUAGE_STANDARD = "gnu++0x";
				CLANG_CXX_LIBRARY = "libc++";
				CLANG_ENABLE_MODULES = YES;
				CLANG_ENABLE_OBJC_ARC = YES;
				CLANG_WARN_BOOL_CONVERSION = YES;
				CLANG_WARN_CONSTANT_CONVERSION = YES;
				CLANG_WARN_DIRECT_OBJC_ISA_USAGE = YES_ERROR;
				CLANG_WARN_DOCUMENTATION_COMMENTS = YES;
				CLANG_WARN_EMPTY_BODY = YES;
				CLANG_WARN_ENUM_CONVERSION = YES;
				CLANG_WARN_INFINITE_RECURSION = YES;
				CLANG_WARN_INT_CONVERSION = YES;
				CLANG_WARN_OBJC_ROOT_CLASS = YES_ERROR;
				CLANG_WARN_SUSPICIOUS_MOVE = YES;
				CLANG_WARN_UNREACHABLE_CODE = YES;
				CLANG_WARN__DUPLICATE_METHOD_MATCH = YES;
				"CODE_SIGN_IDENTITY[sdk=iphoneos*]" = "iPhone Developer";
				COPY_PHASE_STRIP = NO;
				DEBUG_INFORMATION_FORMAT = "dwarf-with-dsym";
				ENABLE_NS_ASSERTIONS = NO;
				ENABLE_STRICT_OBJC_MSGSEND = YES;
				GCC_C_LANGUAGE_STANDARD = gnu99;
				GCC_NO_COMMON_BLOCKS = YES;
				GCC_WARN_64_TO_32_BIT_CONVERSION = YES;
				GCC_WARN_ABOUT_RETURN_TYPE = YES_ERROR;
				GCC_WARN_UNDECLARED_SELECTOR = YES;
				GCC_WARN_UNINITIALIZED_AUTOS = YES_AGGRESSIVE;
				GCC_WARN_UNUSED_FUNCTION = YES;
				GCC_WARN_UNUSED_VARIABLE = YES;
				IPHONEOS_DEPLOYMENT_TARGET = 10.3;
				MTL_ENABLE_DEBUG_INFO = NO;
				SDKROOT = iphoneos;
				VALIDATE_PRODUCT = YES;
			};
			name = AdHoc;
		};
		8D26E64C1EF1763B0064A7AE /* AdHoc */ = {
			isa = XCBuildConfiguration;
			buildSettings = {
				ASSETCATALOG_COMPILER_APPICON_NAME = AppIcon;
				DEVELOPMENT_TEAM = PHUF2ASV3Q;
				INFOPLIST_FILE = NewsReader/Info.plist;
				LD_RUNPATH_SEARCH_PATHS = "$(inherited) @executable_path/Frameworks";
				PRODUCT_BUNDLE_IDENTIFIER = liuyingjieyeah.NewsReader;
				PRODUCT_NAME = "$(TARGET_NAME)";
			};
			name = AdHoc;
		};
/* End XCBuildConfiguration section */

/* Begin XCConfigurationList section */
		8D26E60D1EF1529E0064A7AE /* Build configuration list for PBXProject "NewsReader" */ = {
			isa = XCConfigurationList;
			buildConfigurations = (
				8D26E6271EF1529F0064A7AE /* Debug */,
				8D26E6281EF1529F0064A7AE /* Release */,
				8D26E6471EF175C40064A7AE /* AppStore */,
				8D26E64B1EF1763B0064A7AE /* AdHoc */,
				8D26E6491EF175F40064A7AE /* Enterprise */,
			);
			defaultConfigurationIsVisible = 0;
			defaultConfigurationName = Release;
		};
		8D26E6291EF1529F0064A7AE /* Build configuration list for PBXNativeTarget "NewsReader" */ = {
			isa = XCConfigurationList;
			buildConfigurations = (
				8D26E62A1EF1529F0064A7AE /* Debug */,
				8D26E62B1EF1529F0064A7AE /* Release */,
				8D26E6481EF175C40064A7AE /* AppStore */,
				8D26E64C1EF1763B0064A7AE /* AdHoc */,
				8D26E64A1EF175F40064A7AE /* Enterprise */,
			);
			defaultConfigurationIsVisible = 0;
			defaultConfigurationName = Release;
		};
/* End XCConfigurationList section */
	};
	rootObject = 8D26E60A1EF1529E0064A7AE /* Project object */;
}
